
Microsoft Visual Studio Solution File, Format Version 12.00
# Visual Studio Version 17
VisualStudioVersion = 17.2.32630.192
MinimumVisualStudioVersion = 10.0.40219.1
Project("{9A19103F-16F7-4668-BE54-9A1E7A4F7556}") = "Lesson1", "Lesson1\Lesson1.csproj", "{128573BE-227C-4E14-BFD8-FDF8C371450F}"
EndProject
Project("{9A19103F-16F7-4668-BE54-9A1E7A4F7556}") = "TicTacToe", "TicTacToe\TicTacToe.csproj", "{53D01B7A-F689-4276-98CA-5C19DAFF71C0}"
EndProject
Project("{FAE04EC0-301F-11D3-BF4B-00C04F79EFBC}") = "Phonebook", "Phonebook\Phonebook.csproj", "{5AD93155-8734-4433-AF1F-9F6DEA5EE973}"
EndProject
Global
	GlobalSection(SolutionConfigurationPlatforms) = preSolution
		Debug|Any CPU = Debug|Any CPU
		Release|Any CPU = Release|Any CPU
	EndGlobalSection
	GlobalSection(ProjectConfigurationPlatforms) = postSolution
		{128573BE-227C-4E14-BFD8-FDF8C371450F}.Debug|Any CPU.ActiveCfg = Debug|Any CPU
		{128573BE-227C-4E14-BFD8-FDF8C371450F}.Debug|Any CPU.Build.0 = Debug|Any CPU
		{128573BE-227C-4E14-BFD8-FDF8C371450F}.Release|Any CPU.ActiveCfg = Release|Any CPU
		{128573BE-227C-4E14-BFD8-FDF8C371450F}.Release|Any CPU.Build.0 = Release|Any CPU
		{53D01B7A-F689-4276-98CA-5C19DAFF71C0}.Debug|Any CPU.ActiveCfg = Debug|Any CPU
		{53D01B7A-F689-4276-98CA-5C19DAFF71C0}.Debug|Any CPU.Build.0 = Debug|Any CPU
		{53D01B7A-F689-4276-98CA-5C19DAFF71C0}.Release|Any CPU.ActiveCfg = Release|Any CPU
		{53D01B7A-F689-4276-98CA-5C19DAFF71C0}.Release|Any CPU.Build.0 = Release|Any CPU
		{5AD93155-8734-4433-AF1F-9F6DEA5EE973}.Debug|Any CPU.ActiveCfg = Debug|Any CPU
		{5AD93155-8734-4433-AF1F-9F6DEA5EE973}.Debug|Any CPU.Build.0 = Debug|Any CPU
		{5AD93155-8734-4433-AF1F-9F6DEA5EE973}.Release|Any CPU.ActiveCfg = Release|Any CPU
		{5AD93155-8734-4433-AF1F-9F6DEA5EE973}.Release|Any CPU.Build.0 = Release|Any CPU
	EndGlobalSection
	GlobalSection(SolutionProperties) = preSolution
		HideSolutionNode = FALSE
	EndGlobalSection
	GlobalSection(ExtensibilityGlobals) = postSolution
		SolutionGuid = {86A5BD6D-9A5D-44C4-AB42-96B5CC94C17E}
	EndGlobalSection
EndGlobal
